// !$*UTF8*$!
{
	archiveVersion = 1;
	classes = {
	};
	objectVersion = 77;
	objects = {

/* Begin PBXContainerItemProxy section */
		528863792CE15EAC0078044E /* PBXContainerItemProxy */ = {
			isa = PBXContainerItemProxy;
			containerPortal = 528863602CE15EAA0078044E /* Project object */;
			proxyType = 1;
			remoteGlobalIDString = 528863672CE15EAA0078044E;
			remoteInfo = KalorickeTabulky;
		};
		528863832CE15EAC0078044E /* PBXContainerItemProxy */ = {
			isa = PBXContainerItemProxy;
			containerPortal = 528863602CE15EAA0078044E /* Project object */;
			proxyType = 1;
			remoteGlobalIDString = 528863672CE15EAA0078044E;
			remoteInfo = KalorickeTabulky;
		};
/* End PBXContainerItemProxy section */

/* Begin PBXFileReference section */
		528863682CE15EAA0078044E /* KalorickeTabulky.app */ = {isa = PBXFileReference; explicitFileType = wrapper.application; includeInIndex = 0; path = KalorickeTabulky.app; sourceTree = BUILT_PRODUCTS_DIR; };
		528863782CE15EAC0078044E /* KalorickeTabulkyTests.xctest */ = {isa = PBXFileReference; explicitFileType = wrapper.cfbundle; includeInIndex = 0; path = KalorickeTabulkyTests.xctest; sourceTree = BUILT_PRODUCTS_DIR; };
		528863822CE15EAC0078044E /* KalorickeTabulkyUITests.xctest */ = {isa = PBXFileReference; explicitFileType = wrapper.cfbundle; includeInIndex = 0; path = KalorickeTabulkyUITests.xctest; sourceTree = BUILT_PRODUCTS_DIR; };
/* End PBXFileReference section */

/* Begin PBXFileSystemSynchronizedRootGroup section */
		5288636A2CE15EAA0078044E /* KalorickeTabulky */ = {
			isa = PBXFileSystemSynchronizedRootGroup;
			path = KalorickeTabulky;
			sourceTree = "<group>";
		};
		5288637B2CE15EAC0078044E /* KalorickeTabulkyTests */ = {
			isa = PBXFileSystemSynchronizedRootGroup;
			path = KalorickeTabulkyTests;
			sourceTree = "<group>";
		};
		528863852CE15EAC0078044E /* KalorickeTabulkyUITests */ = {
			isa = PBXFileSystemSynchronizedRootGroup;
			path = KalorickeTabulkyUITests;
			sourceTree = "<group>";
		};
/* End PBXFileSystemSynchronizedRootGroup section */

/* Begin PBXFrameworksBuildPhase section */
		528863652CE15EAA0078044E /* Frameworks */ = {
			isa = PBXFrameworksBuildPhase;
			buildActionMask = 2147483647;
			files = (
			);
			runOnlyForDeploymentPostprocessing = 0;
		};
		528863752CE15EAC0078044E /* Frameworks */ = {
			isa = PBXFrameworksBuildPhase;
			buildActionMask = 2147483647;
			files = (
			);
			runOnlyForDeploymentPostprocessing = 0;
		};
		5288637F2CE15EAC0078044E /* Frameworks */ = {
			isa = PBXFrameworksBuildPhase;
			buildActionMask = 2147483647;
			files = (
			);
			runOnlyForDeploymentPostprocessing = 0;
		};
/* End PBXFrameworksBuildPhase section */

/* Begin PBXGroup section */
		5288635F2CE15EAA0078044E = {
			isa = PBXGroup;
			children = (
				5288636A2CE15EAA0078044E /* KalorickeTabulky */,
				5288637B2CE15EAC0078044E /* KalorickeTabulkyTests */,
				528863852CE15EAC0078044E /* KalorickeTabulkyUITests */,
				528863692CE15EAA0078044E /* Products */,
			);
			sourceTree = "<group>";
		};
		528863692CE15EAA0078044E /* Products */ = {
			isa = PBXGroup;
			children = (
				528863682CE15EAA0078044E /* KalorickeTabulky.app */,
				528863782CE15EAC0078044E /* KalorickeTabulkyTests.xctest */,
				528863822CE15EAC0078044E /* KalorickeTabulkyUITests.xctest */,
			);
			name = Products;
			sourceTree = "<group>";
		};
/* End PBXGroup section */

/* Begin PBXNativeTarget section */
		528863672CE15EAA0078044E /* KalorickeTabulky */ = {
			isa = PBXNativeTarget;
			buildConfigurationList = 5288638C2CE15EAC0078044E /* Build configuration list for PBXNativeTarget "KalorickeTabulky" */;
			buildPhases = (
				528863642CE15EAA0078044E /* Sources */,
				528863652CE15EAA0078044E /* Frameworks */,
				528863662CE15EAA0078044E /* Resources */,
			);
			buildRules = (
			);
			dependencies = (
			);
			fileSystemSynchronizedGroups = (
				5288636A2CE15EAA0078044E /* KalorickeTabulky */,
			);
			name = KalorickeTabulky;
			packageProductDependencies = (
			);
			productName = KalorickeTabulky;
			productReference = 528863682CE15EAA0078044E /* KalorickeTabulky.app */;
			productType = "com.apple.product-type.application";
		};
		528863772CE15EAC0078044E /* KalorickeTabulkyTests */ = {
			isa = PBXNativeTarget;
			buildConfigurationList = 5288638F2CE15EAC0078044E /* Build configuration list for PBXNativeTarget "KalorickeTabulkyTests" */;
			buildPhases = (
				528863742CE15EAC0078044E /* Sources */,
				528863752CE15EAC0078044E /* Frameworks */,
				528863762CE15EAC0078044E /* Resources */,
			);
			buildRules = (
			);
			dependencies = (
				5288637A2CE15EAC0078044E /* PBXTargetDependency */,
			);
			fileSystemSynchronizedGroups = (
				5288637B2CE15EAC0078044E /* KalorickeTabulkyTests */,
			);
			name = KalorickeTabulkyTests;
			packageProductDependencies = (
			);
			productName = KalorickeTabulkyTests;
			productReference = 528863782CE15EAC0078044E /* KalorickeTabulkyTests.xctest */;
			productType = "com.apple.product-type.bundle.unit-test";
		};
		528863812CE15EAC0078044E /* KalorickeTabulkyUITests */ = {
			isa = PBXNativeTarget;
			buildConfigurationList = 528863922CE15EAC0078044E /* Build configuration list for PBXNativeTarget "KalorickeTabulkyUITests" */;
			buildPhases = (
				5288637E2CE15EAC0078044E /* Sources */,
				5288637F2CE15EAC0078044E /* Frameworks */,
				528863802CE15EAC0078044E /* Resources */,
			);
			buildRules = (
			);
			dependencies = (
				528863842CE15EAC0078044E /* PBXTargetDependency */,
			);
			fileSystemSynchronizedGroups = (
				528863852CE15EAC0078044E /* KalorickeTabulkyUITests */,
			);
			name = KalorickeTabulkyUITests;
			packageProductDependencies = (
			);
			productName = KalorickeTabulkyUITests;
			productReference = 528863822CE15EAC0078044E /* KalorickeTabulkyUITests.xctest */;
			productType = "com.apple.product-type.bundle.ui-testing";
		};
/* End PBXNativeTarget section */

/* Begin PBXProject section */
		528863602CE15EAA0078044E /* Project object */ = {
			isa = PBXProject;
			attributes = {
				BuildIndependentTargetsInParallel = 1;
				LastSwiftUpdateCheck = 1610;
				LastUpgradeCheck = 1610;
				TargetAttributes = {
					528863672CE15EAA0078044E = {
						CreatedOnToolsVersion = 16.1;
					};
					528863772CE15EAC0078044E = {
						CreatedOnToolsVersion = 16.1;
						TestTargetID = 528863672CE15EAA0078044E;
					};
					528863812CE15EAC0078044E = {
						CreatedOnToolsVersion = 16.1;
						TestTargetID = 528863672CE15EAA0078044E;
					};
				};
			};
			buildConfigurationList = 528863632CE15EAA0078044E /* Build configuration list for PBXProject "KalorickeTabulky" */;
			developmentRegion = en;
			hasScannedForEncodings = 0;
			knownRegions = (
				en,
				Base,
			);
			mainGroup = 5288635F2CE15EAA0078044E;
			minimizedProjectReferenceProxies = 1;
			preferredProjectObjectVersion = 77;
			productRefGroup = 528863692CE15EAA0078044E /* Products */;
			projectDirPath = "";
			projectRoot = "";
			targets = (
				528863672CE15EAA0078044E /* KalorickeTabulky */,
				528863772CE15EAC0078044E /* KalorickeTabulkyTests */,
				528863812CE15EAC0078044E /* KalorickeTabulkyUITests */,
			);
		};
/* End PBXProject section */

/* Begin PBXResourcesBuildPhase section */
		528863662CE15EAA0078044E /* Resources */ = {
			isa = PBXResourcesBuildPhase;
			buildActionMask = 2147483647;
			files = (
			);
			runOnlyForDeploymentPostprocessing = 0;
		};
		528863762CE15EAC0078044E /* Resources */ = {
			isa = PBXResourcesBuildPhase;
			buildActionMask = 2147483647;
			files = (
			);
			runOnlyForDeploymentPostprocessing = 0;
		};
		528863802CE15EAC0078044E /* Resources */ = {
			isa = PBXResourcesBuildPhase;
			buildActionMask = 2147483647;
			files = (
			);
			runOnlyForDeploymentPostprocessing = 0;
		};
/* End PBXResourcesBuildPhase section */

/* Begin PBXSourcesBuildPhase section */
		528863642CE15EAA0078044E /* Sources */ = {
			isa = PBXSourcesBuildPhase;
			buildActionMask = 2147483647;
			files = (
			);
			runOnlyForDeploymentPostprocessing = 0;
		};
		528863742CE15EAC0078044E /* Sources */ = {
			isa = PBXSourcesBuildPhase;
			buildActionMask = 2147483647;
			files = (
			);
			runOnlyForDeploymentPostprocessing = 0;
		};
		5288637E2CE15EAC0078044E /* Sources */ = {
			isa = PBXSourcesBuildPhase;
			buildActionMask = 2147483647;
			files = (
			);
			runOnlyForDeploymentPostprocessing = 0;
		};
/* End PBXSourcesBuildPhase section */

/* Begin PBXTargetDependency section */
		5288637A2CE15EAC0078044E /* PBXTargetDependency */ = {
			isa = PBXTargetDependency;
			target = 528863672CE15EAA0078044E /* KalorickeTabulky */;
			targetProxy = 528863792CE15EAC0078044E /* PBXContainerItemProxy */;
		};
		528863842CE15EAC0078044E /* PBXTargetDependency */ = {
			isa = PBXTargetDependency;
			target = 528863672CE15EAA0078044E /* KalorickeTabulky */;
			targetProxy = 528863832CE15EAC0078044E /* PBXContainerItemProxy */;
		};
/* End PBXTargetDependency section */

/* Begin XCBuildConfiguration section */
		5288638A2CE15EAC0078044E /* Debug */ = {
			isa = XCBuildConfiguration;
			buildSettings = {
				ALWAYS_SEARCH_USER_PATHS = NO;
				ASSETCATALOG_COMPILER_GENERATE_SWIFT_ASSET_SYMBOL_EXTENSIONS = YES;
				CLANG_ANALYZER_NONNULL = YES;
				CLANG_ANALYZER_NUMBER_OBJECT_CONVERSION = YES_AGGRESSIVE;
				CLANG_CXX_LANGUAGE_STANDARD = "gnu++20";
				CLANG_ENABLE_MODULES = YES;
				CLANG_ENABLE_OBJC_ARC = YES;
				CLANG_ENABLE_OBJC_WEAK = YES;
				CLANG_WARN_BLOCK_CAPTURE_AUTORELEASING = YES;
				CLANG_WARN_BOOL_CONVERSION = YES;
				CLANG_WARN_COMMA = YES;
				CLANG_WARN_CONSTANT_CONVERSION = YES;
				CLANG_WARN_DEPRECATED_OBJC_IMPLEMENTATIONS = YES;
				CLANG_WARN_DIRECT_OBJC_ISA_USAGE = YES_ERROR;
				CLANG_WARN_DOCUMENTATION_COMMENTS = YES;
				CLANG_WARN_EMPTY_BODY = YES;
				CLANG_WARN_ENUM_CONVERSION = YES;
				CLANG_WARN_INFINITE_RECURSION = YES;
				CLANG_WARN_INT_CONVERSION = YES;
				CLANG_WARN_NON_LITERAL_NULL_CONVERSION = YES;
				CLANG_WARN_OBJC_IMPLICIT_RETAIN_SELF = YES;
				CLANG_WARN_OBJC_LITERAL_CONVERSION = YES;
				CLANG_WARN_OBJC_ROOT_CLASS = YES_ERROR;
				CLANG_WARN_QUOTED_INCLUDE_IN_FRAMEWORK_HEADER = YES;
				CLANG_WARN_RANGE_LOOP_ANALYSIS = YES;
				CLANG_WARN_STRICT_PROTOTYPES = YES;
				CLANG_WARN_SUSPICIOUS_MOVE = YES;
				CLANG_WARN_UNGUARDED_AVAILABILITY = YES_AGGRESSIVE;
				CLANG_WARN_UNREACHABLE_CODE = YES;
				CLANG_WARN__DUPLICATE_METHOD_MATCH = YES;
				COPY_PHASE_STRIP = NO;
				DEBUG_INFORMATION_FORMAT = dwarf;
				ENABLE_STRICT_OBJC_MSGSEND = YES;
				ENABLE_TESTABILITY = YES;
				ENABLE_USER_SCRIPT_SANDBOXING = YES;
				GCC_C_LANGUAGE_STANDARD = gnu17;
				GCC_DYNAMIC_NO_PIC = NO;
				GCC_NO_COMMON_BLOCKS = YES;
				GCC_OPTIMIZATION_LEVEL = 0;
				GCC_PREPROCESSOR_DEFINITIONS = (
					"DEBUG=1",
					"$(inherited)",
				);
				GCC_WARN_64_TO_32_BIT_CONVERSION = YES;
				GCC_WARN_ABOUT_RETURN_TYPE = YES_ERROR;
				GCC_WARN_UNDECLARED_SELECTOR = YES;
				GCC_WARN_UNINITIALIZED_AUTOS = YES_AGGRESSIVE;
				GCC_WARN_UNUSED_FUNCTION = YES;
				GCC_WARN_UNUSED_VARIABLE = YES;
				IPHONEOS_DEPLOYMENT_TARGET = 18.1;
				LOCALIZATION_PREFERS_STRING_CATALOGS = YES;
				MTL_ENABLE_DEBUG_INFO = INCLUDE_SOURCE;
				MTL_FAST_MATH = YES;
				ONLY_ACTIVE_ARCH = YES;
				SDKROOT = iphoneos;
				SWIFT_ACTIVE_COMPILATION_CONDITIONS = "DEBUG $(inherited)";
				SWIFT_OPTIMIZATION_LEVEL = "-Onone";
			};
			name = Debug;
		};
		5288638B2CE15EAC0078044E /* Release */ = {
			isa = XCBuildConfiguration;
			buildSettings = {
				ALWAYS_SEARCH_USER_PATHS = NO;
				ASSETCATALOG_COMPILER_GENERATE_SWIFT_ASSET_SYMBOL_EXTENSIONS = YES;
				CLANG_ANALYZER_NONNULL = YES;
				CLANG_ANALYZER_NUMBER_OBJECT_CONVERSION = YES_AGGRESSIVE;
				CLANG_CXX_LANGUAGE_STANDARD = "gnu++20";
				CLANG_ENABLE_MODULES = YES;
				CLANG_ENABLE_OBJC_ARC = YES;
				CLANG_ENABLE_OBJC_WEAK = YES;
				CLANG_WARN_BLOCK_CAPTURE_AUTORELEASING = YES;
				CLANG_WARN_BOOL_CONVERSION = YES;
				CLANG_WARN_COMMA = YES;
				CLANG_WARN_CONSTANT_CONVERSION = YES;
				CLANG_WARN_DEPRECATED_OBJC_IMPLEMENTATIONS = YES;
				CLANG_WARN_DIRECT_OBJC_ISA_USAGE = YES_ERROR;
				CLANG_WARN_DOCUMENTATION_COMMENTS = YES;
				CLANG_WARN_EMPTY_BODY = YES;
				CLANG_WARN_ENUM_CONVERSION = YES;
				CLANG_WARN_INFINITE_RECURSION = YES;
				CLANG_WARN_INT_CONVERSION = YES;
				CLANG_WARN_NON_LITERAL_NULL_CONVERSION = YES;
				CLANG_WARN_OBJC_IMPLICIT_RETAIN_SELF = YES;
				CLANG_WARN_OBJC_LITERAL_CONVERSION = YES;
				CLANG_WARN_OBJC_ROOT_CLASS = YES_ERROR;
				CLANG_WARN_QUOTED_INCLUDE_IN_FRAMEWORK_HEADER = YES;
				CLANG_WARN_RANGE_LOOP_ANALYSIS = YES;
				CLANG_WARN_STRICT_PROTOTYPES = YES;
				CLANG_WARN_SUSPICIOUS_MOVE = YES;
				CLANG_WARN_UNGUARDED_AVAILABILITY = YES_AGGRESSIVE;
				CLANG_WARN_UNREACHABLE_CODE = YES;
				CLANG_WARN__DUPLICATE_METHOD_MATCH = YES;
				COPY_PHASE_STRIP = NO;
				DEBUG_INFORMATION_FORMAT = "dwarf-with-dsym";
				ENABLE_NS_ASSERTIONS = NO;
				ENABLE_STRICT_OBJC_MSGSEND = YES;
				ENABLE_USER_SCRIPT_SANDBOXING = YES;
				GCC_C_LANGUAGE_STANDARD = gnu17;
				GCC_NO_COMMON_BLOCKS = YES;
				GCC_WARN_64_TO_32_BIT_CONVERSION = YES;
				GCC_WARN_ABOUT_RETURN_TYPE = YES_ERROR;
				GCC_WARN_UNDECLARED_SELECTOR = YES;
				GCC_WARN_UNINITIALIZED_AUTOS = YES_AGGRESSIVE;
				GCC_WARN_UNUSED_FUNCTION = YES;
				GCC_WARN_UNUSED_VARIABLE = YES;
				IPHONEOS_DEPLOYMENT_TARGET = 18.1;
				LOCALIZATION_PREFERS_STRING_CATALOGS = YES;
				MTL_ENABLE_DEBUG_INFO = NO;
				MTL_FAST_MATH = YES;
				SDKROOT = iphoneos;
				SWIFT_COMPILATION_MODE = wholemodule;
				VALIDATE_PRODUCT = YES;
			};
			name = Release;
		};
		5288638D2CE15EAC0078044E /* Debug */ = {
			isa = XCBuildConfiguration;
			buildSettings = {
				ASSETCATALOG_COMPILER_APPICON_NAME = AppIcon;
				ASSETCATALOG_COMPILER_GLOBAL_ACCENT_COLOR_NAME = AccentColor;
				CODE_SIGN_STYLE = Automatic;
				CURRENT_PROJECT_VERSION = 1;
				DEVELOPMENT_ASSET_PATHS = "\"KalorickeTabulky/Preview Content\"";
				ENABLE_PREVIEWS = YES;
				GENERATE_INFOPLIST_FILE = YES;
				INFOPLIST_KEY_UIApplicationSceneManifest_Generation = YES;
				INFOPLIST_KEY_UIApplicationSupportsIndirectInputEvents = YES;
				INFOPLIST_KEY_UILaunchScreen_Generation = YES;
				INFOPLIST_KEY_UISupportedInterfaceOrientations_iPad = "UIInterfaceOrientationPortrait UIInterfaceOrientationPortraitUpsideDown UIInterfaceOrientationLandscapeLeft UIInterfaceOrientationLandscapeRight";
				INFOPLIST_KEY_UISupportedInterfaceOrientations_iPhone = "UIInterfaceOrientationPortrait UIInterfaceOrientationLandscapeLeft UIInterfaceOrientationLandscapeRight";
				LD_RUNPATH_SEARCH_PATHS = (
					"$(inherited)",
					"@executable_path/Frameworks",
				);
				MARKETING_VERSION = 1.0;
				PRODUCT_BUNDLE_IDENTIFIER = io.iosacademy.KalorickeTabulky;
				PRODUCT_NAME = "$(TARGET_NAME)";
				SWIFT_EMIT_LOC_STRINGS = YES;
				SWIFT_VERSION = 5.0;
				TARGETED_DEVICE_FAMILY = "1,2";
			};
			name = Debug;
		};
		5288638E2CE15EAC0078044E /* Release */ = {
			isa = XCBuildConfiguration;
			buildSettings = {
				ASSETCATALOG_COMPILER_APPICON_NAME = AppIcon;
				ASSETCATALOG_COMPILER_GLOBAL_ACCENT_COLOR_NAME = AccentColor;
				CODE_SIGN_STYLE = Automatic;
				CURRENT_PROJECT_VERSION = 1;
				DEVELOPMENT_ASSET_PATHS = "\"KalorickeTabulky/Preview Content\"";
				ENABLE_PREVIEWS = YES;
				GENERATE_INFOPLIST_FILE = YES;
				INFOPLIST_KEY_UIApplicationSceneManifest_Generation = YES;
				INFOPLIST_KEY_UIApplicationSupportsIndirectInputEvents = YES;
				INFOPLIST_KEY_UILaunchScreen_Generation = YES;
				INFOPLIST_KEY_UISupportedInterfaceOrientations_iPad = "UIInterfaceOrientationPortrait UIInterfaceOrientationPortraitUpsideDown UIInterfaceOrientationLandscapeLeft UIInterfaceOrientationLandscapeRight";
				INFOPLIST_KEY_UISupportedInterfaceOrientations_iPhone = "UIInterfaceOrientationPortrait UIInterfaceOrientationLandscapeLeft UIInterfaceOrientationLandscapeRight";
				LD_RUNPATH_SEARCH_PATHS = (
					"$(inherited)",
					"@executable_path/Frameworks",
				);
				MARKETING_VERSION = 1.0;
				PRODUCT_BUNDLE_IDENTIFIER = io.iosacademy.KalorickeTabulky;
				PRODUCT_NAME = "$(TARGET_NAME)";
				SWIFT_EMIT_LOC_STRINGS = YES;
				SWIFT_VERSION = 5.0;
				TARGETED_DEVICE_FAMILY = "1,2";
			};
			name = Release;
		};
		528863902CE15EAC0078044E /* Debug */ = {
			isa = XCBuildConfiguration;
			buildSettings = {
				BUNDLE_LOADER = "$(TEST_HOST)";
				CODE_SIGN_STYLE = Automatic;
				CURRENT_PROJECT_VERSION = 1;
				GENERATE_INFOPLIST_FILE = YES;
				IPHONEOS_DEPLOYMENT_TARGET = 18.1;
				MARKETING_VERSION = 1.0;
				PRODUCT_BUNDLE_IDENTIFIER = io.iosacademy.KalorickeTabulkyTests;
				PRODUCT_NAME = "$(TARGET_NAME)";
				SWIFT_EMIT_LOC_STRINGS = NO;
				SWIFT_VERSION = 5.0;
				TARGETED_DEVICE_FAMILY = "1,2";
				TEST_HOST = "$(BUILT_PRODUCTS_DIR)/KalorickeTabulky.app/$(BUNDLE_EXECUTABLE_FOLDER_PATH)/KalorickeTabulky";
			};
			name = Debug;
		};
		528863912CE15EAC0078044E /* Release */ = {
			isa = XCBuildConfiguration;
			buildSettings = {
				BUNDLE_LOADER = "$(TEST_HOST)";
				CODE_SIGN_STYLE = Automatic;
				CURRENT_PROJECT_VERSION = 1;
				GENERATE_INFOPLIST_FILE = YES;
				IPHONEOS_DEPLOYMENT_TARGET = 18.1;
				MARKETING_VERSION = 1.0;
				PRODUCT_BUNDLE_IDENTIFIER = io.iosacademy.KalorickeTabulkyTests;
				PRODUCT_NAME = "$(TARGET_NAME)";
				SWIFT_EMIT_LOC_STRINGS = NO;
				SWIFT_VERSION = 5.0;
				TARGETED_DEVICE_FAMILY = "1,2";
				TEST_HOST = "$(BUILT_PRODUCTS_DIR)/KalorickeTabulky.app/$(BUNDLE_EXECUTABLE_FOLDER_PATH)/KalorickeTabulky";
			};
			name = Release;
		};
		528863932CE15EAC0078044E /* Debug */ = {
			isa = XCBuildConfiguration;
			buildSettings = {
				CODE_SIGN_STYLE = Automatic;
				CURRENT_PROJECT_VERSION = 1;
				GENERATE_INFOPLIST_FILE = YES;
				MARKETING_VERSION = 1.0;
				PRODUCT_BUNDLE_IDENTIFIER = io.iosacademy.KalorickeTabulkyUITests;
				PRODUCT_NAME = "$(TARGET_NAME)";
				SWIFT_EMIT_LOC_STRINGS = NO;
				SWIFT_VERSION = 5.0;
				TARGETED_DEVICE_FAMILY = "1,2";
				TEST_TARGET_NAME = KalorickeTabulky;
			};
			name = Debug;
		};
		528863942CE15EAC0078044E /* Release */ = {
			isa = XCBuildConfiguration;
			buildSettings = {
				CODE_SIGN_STYLE = Automatic;
				CURRENT_PROJECT_VERSION = 1;
				GENERATE_INFOPLIST_FILE = YES;
				MARKETING_VERSION = 1.0;
				PRODUCT_BUNDLE_IDENTIFIER = io.iosacademy.KalorickeTabulkyUITests;
				PRODUCT_NAME = "$(TARGET_NAME)";
				SWIFT_EMIT_LOC_STRINGS = NO;
				SWIFT_VERSION = 5.0;
				TARGETED_DEVICE_FAMILY = "1,2";
				TEST_TARGET_NAME = KalorickeTabulky;
			};
			name = Release;
		};
/* End XCBuildConfiguration section */

/* Begin XCConfigurationList section */
		528863632CE15EAA0078044E /* Build configuration list for PBXProject "KalorickeTabulky" */ = {
			isa = XCConfigurationList;
			buildConfigurations = (
				5288638A2CE15EAC0078044E /* Debug */,
				5288638B2CE15EAC0078044E /* Release */,
			);
			defaultConfigurationIsVisible = 0;
			defaultConfigurationName = Release;
		};
		5288638C2CE15EAC0078044E /* Build configuration list for PBXNativeTarget "KalorickeTabulky" */ = {
			isa = XCConfigurationList;
			buildConfigurations = (
				5288638D2CE15EAC0078044E /* Debug */,
				5288638E2CE15EAC0078044E /* Release */,
			);
			defaultConfigurationIsVisible = 0;
			defaultConfigurationName = Release;
		};
		5288638F2CE15EAC0078044E /* Build configuration list for PBXNativeTarget "KalorickeTabulkyTests" */ = {
			isa = XCConfigurationList;
			buildConfigurations = (
				528863902CE15EAC0078044E /* Debug */,
				528863912CE15EAC0078044E /* Release */,
			);
			defaultConfigurationIsVisible = 0;
			defaultConfigurationName = Release;
		};
		528863922CE15EAC0078044E /* Build configuration list for PBXNativeTarget "KalorickeTabulkyUITests" */ = {
			isa = XCConfigurationList;
			buildConfigurations = (
				528863932CE15EAC0078044E /* Debug */,
				528863942CE15EAC0078044E /* Release */,
			);
			defaultConfigurationIsVisible = 0;
			defaultConfigurationName = Release;
		};
/* End XCConfigurationList section */
	};
	rootObject = 528863602CE15EAA0078044E /* Project object */;
}
